{
    "_readme": [
        "This file locks the dependencies of your project to a known state",
        "Read more about it at https://getcomposer.org/doc/01-basic-usage.md#installing-dependencies",
        "This file is @generated automatically"
    ],
    "content-hash": "7ab1289b0d2953cfcb969ba016aeaf1e",
    "packages": [
        {
            "name": "concretecms/incremental-filter-branch",
            "version": "1.0.3",
            "source": {
                "type": "git",
                "url": "https://github.com/concretecms/incremental-filter-branch.git",
                "reference": "6940eef8b0e27e7c0769549d49a93571e9c25467"
            },
            "dist": {
                "type": "zip",
                "url": "https://api.github.com/repos/concretecms/incremental-filter-branch/zipball/6940eef8b0e27e7c0769549d49a93571e9c25467",
                "reference": "6940eef8b0e27e7c0769549d49a93571e9c25467",
                "shasum": ""
            },
            "bin": [
                "bin/incremental-git-filterbranch"
            ],
            "type": "library",
            "notification-url": "https://packagist.org/downloads/",
            "license": [
                "MIT"
            ],
            "authors": [
                {
                    "name": "Michele Locati",
                    "email": "michele@locati.it",
                    "homepage": "https://mlocati.github.io",
                    "role": "author"
                }
            ],
            "description": "Shell script to call git filter-branch in an incremental way",
            "homepage": "https://github.com/concrete5/incremental-filter-branch",
            "keywords": [
                "bash",
                "filter-branch",
                "git",
                "incremental",
                "posix",
                "progressive",
                "shell"
            ],
            "support": {
                "issues": "https://github.com/concrete5/incremental-filter-branch/issues",
                "source": "https://github.com/concrete5/incremental-filter-branch"
            },
            "time": "2023-11-29T18:09:35+00:00"
        }
    ],
    "packages-dev": [],
    "aliases": [],
    "minimum-stability": "stable",
    "stability-flags": [],
    "prefer-stable": false,
    "prefer-lowest": false,
    "platform": [],
    "platform-dev": [],
    "plugin-api-version": "2.3.0"
}
